
Microsoft Visual Studio Solution File, Format Version 12.00
# Visual Studio 15
VisualStudioVersion = 15.0.28307.1145
MinimumVisualStudioVersion = 10.0.40219.1
Project("{FAE04EC0-301F-11D3-BF4B-00C04F79EFBC}") = "CoreMVC", "CoreMVC\CoreMVC.csproj", "{2443755A-9C9A-4389-9A55-EE232D4DA865}"
EndProject
Global
	GlobalSection(SolutionConfigurationPlatforms) = preSolution
		Debug|Any CPU = Debug|Any CPU
		Release|Any CPU = Release|Any CPU
	EndGlobalSection
	GlobalSection(ProjectConfigurationPlatforms) = postSolution
		{2443755A-9C9A-4389-9A55-EE232D4DA865}.Debug|Any CPU.ActiveCfg = Debug|Any CPU
		{2443755A-9C9A-4389-9A55-EE232D4DA865}.Debug|Any CPU.Build.0 = Debug|Any CPU
		{2443755A-9C9A-4389-9A55-EE232D4DA865}.Release|Any CPU.ActiveCfg = Release|Any CPU
		{2443755A-9C9A-4389-9A55-EE232D4DA865}.Release|Any CPU.Build.0 = Release|Any CPU
	EndGlobalSection
	GlobalSection(SolutionProperties) = preSolution
		HideSolutionNode = FALSE
	EndGlobalSection
	GlobalSection(ExtensibilityGlobals) = postSolution
		SolutionGuid = {2BA1BF65-814C-41CE-A0AA-E38ABCF89F11}
	EndGlobalSection
EndGlobal
